
Microsoft Visual Studio Solution File, Format Version 12.00
# Visual Studio 15
Project("{FAE04EC0-301F-11D3-BF4B-00C04F79EFBC}") = "JWTAuthentication", "JWTAuthentication.csproj", "{3293BE32-65A2-44F0-AF29-03605FF5DD99}"
EndProject
Global
	GlobalSection(SolutionConfigurationPlatforms) = preSolution
		Debug|Any CPU = Debug|Any CPU
		Release|Any CPU = Release|Any CPU
	EndGlobalSection
	GlobalSection(ProjectConfigurationPlatforms) = postSolution
		{3293BE32-65A2-44F0-AF29-03605FF5DD99}.Debug|Any CPU.ActiveCfg = Debug|Any CPU
		{3293BE32-65A2-44F0-AF29-03605FF5DD99}.Debug|Any CPU.Build.0 = Debug|Any CPU
		{3293BE32-65A2-44F0-AF29-03605FF5DD99}.Release|Any CPU.ActiveCfg = Release|Any CPU
		{3293BE32-65A2-44F0-AF29-03605FF5DD99}.Release|Any CPU.Build.0 = Release|Any CPU
	EndGlobalSection
EndGlobal
